// !$*UTF8*$!
{
	archiveVersion = 1;
	classes = {
	};
	objectVersion = 51;
	objects = {

/* Begin PBXBuildFile section */
		984A223B244ABD0500469025 /* JSQMessagesViewController+Ext.swift in Sources */ = {isa = PBXBuildFile; fileRef = 984A223A244ABD0500469025 /* JSQMessagesViewController+Ext.swift */; };
		984A223D244AC22300469025 /* StorageService.swift in Sources */ = {isa = PBXBuildFile; fileRef = 984A223C244AC22300469025 /* StorageService.swift */; };
		984A991524285A9E00FDB301 /* ProfileTableViewController.swift in Sources */ = {isa = PBXBuildFile; fileRef = 984A991424285A9E00FDB301 /* ProfileTableViewController.swift */; };
		984C1A75242F513C00ADCE86 /* RecentTableViewCell.swift in Sources */ = {isa = PBXBuildFile; fileRef = 984C1A74242F513C00ADCE86 /* RecentTableViewCell.swift */; };
		984C1D4D242371BB00062791 /* UISegmentedControl+Ext.swift in Sources */ = {isa = PBXBuildFile; fileRef = 984C1D4C242371BB00062791 /* UISegmentedControl+Ext.swift */; };
		984C1D4F242377B400062791 /* UIImageView+Ext.swift in Sources */ = {isa = PBXBuildFile; fileRef = 984C1D4E242377B400062791 /* UIImageView+Ext.swift */; };
		984C1D5124237D2900062791 /* RecentsViewController.swift in Sources */ = {isa = PBXBuildFile; fileRef = 984C1D5024237D2900062791 /* RecentsViewController.swift */; };
		984CC662241AFB9100933D4C /* User.swift in Sources */ = {isa = PBXBuildFile; fileRef = 984CC661241AFB9100933D4C /* User.swift */; };
		984CC664241B008300933D4C /* DatabaseService.swift in Sources */ = {isa = PBXBuildFile; fileRef = 984CC663241B008300933D4C /* DatabaseService.swift */; };
		984CC666241B0B6500933D4C /* Date+Ext.swift in Sources */ = {isa = PBXBuildFile; fileRef = 984CC665241B0B6500933D4C /* Date+Ext.swift */; };
		984CE0B1241C8B8C0057AC92 /* Notification+Ext.swift in Sources */ = {isa = PBXBuildFile; fileRef = 984CE0B0241C8B8C0057AC92 /* Notification+Ext.swift */; };
		984D615C2429AE3D00320762 /* Recent.swift in Sources */ = {isa = PBXBuildFile; fileRef = 984D615B2429AE3D00320762 /* Recent.swift */; };
		984E3BB62424657600E68502 /* ViewPresenter.swift in Sources */ = {isa = PBXBuildFile; fileRef = 984E3BB52424657600E68502 /* ViewPresenter.swift */; };
		984E4BAE242B38960061F3F1 /* CallViewController.swift in Sources */ = {isa = PBXBuildFile; fileRef = 984E4BAD242B38960061F3F1 /* CallViewController.swift */; };
		9850D76B2420AD6F005DBE14 /* UsersTableViewController.swift in Sources */ = {isa = PBXBuildFile; fileRef = 9850D76A2420AD6F005DBE14 /* UsersTableViewController.swift */; };
		9851F160244C049D00E20A84 /* MessageService.swift in Sources */ = {isa = PBXBuildFile; fileRef = 9851F15F244C049D00E20A84 /* MessageService.swift */; };
		985282A0241A28C6008CA4B3 /* Constants.swift in Sources */ = {isa = PBXBuildFile; fileRef = 9852829F241A28C6008CA4B3 /* Constants.swift */; };
		985282A9241A39A4008CA4B3 /* FinishedRegisterViewController.swift in Sources */ = {isa = PBXBuildFile; fileRef = 985282A8241A39A4008CA4B3 /* FinishedRegisterViewController.swift */; };
		9854C4FE2420843100634E93 /* UserTableViewCell.swift in Sources */ = {isa = PBXBuildFile; fileRef = 9854C4FD2420843100634E93 /* UserTableViewCell.swift */; };
		98561670241F8A3D00AE60AA /* SettingsTableViewController.swift in Sources */ = {isa = PBXBuildFile; fileRef = 9856166F241F8A3D00AE60AA /* SettingsTableViewController.swift */; };
		985A405F243EF4CA00209334 /* Camera.swift in Sources */ = {isa = PBXBuildFile; fileRef = 985A405E243EF4CA00209334 /* Camera.swift */; };
		988BBE152437C52400E49B4B /* Message.swift in Sources */ = {isa = PBXBuildFile; fileRef = 988BBE142437C52400E49B4B /* Message.swift */; };
		988D40EC2436FB46006FCC89 /* Array+Ext.swift in Sources */ = {isa = PBXBuildFile; fileRef = 988D40EB2436FB46006FCC89 /* Array+Ext.swift */; };
		98BB7A3A2422A4C50059581F /* UIButton+Ext.swift in Sources */ = {isa = PBXBuildFile; fileRef = 98BB7A392422A4C50059581F /* UIButton+Ext.swift */; };
		98BB7A3C2422A8840059581F /* UITextField+Ext.swift in Sources */ = {isa = PBXBuildFile; fileRef = 98BB7A3B2422A8840059581F /* UITextField+Ext.swift */; };
		98BB7A3E2422AE1B0059581F /* LoginViewController.swift in Sources */ = {isa = PBXBuildFile; fileRef = 98BB7A3D2422AE1B0059581F /* LoginViewController.swift */; };
		98BB7A402422AEA30059581F /* WelcomeViewController.swift in Sources */ = {isa = PBXBuildFile; fileRef = 98BB7A3F2422AEA30059581F /* WelcomeViewController.swift */; };
		98BB7A422422B0810059581F /* Common.swift in Sources */ = {isa = PBXBuildFile; fileRef = 98BB7A412422B0810059581F /* Common.swift */; };
		98C24EAC2419E627005C2D88 /* RegisterViewController.swift in Sources */ = {isa = PBXBuildFile; fileRef = 98C24EAB2419E627005C2D88 /* RegisterViewController.swift */; };
		98F7CC00242B488E003CA84C /* ChattingViewController.swift in Sources */ = {isa = PBXBuildFile; fileRef = 98F7CBFF242B488E003CA84C /* ChattingViewController.swift */; };
		98F919C42418F35200B71450 /* AppDelegate.swift in Sources */ = {isa = PBXBuildFile; fileRef = 98F919C32418F35200B71450 /* AppDelegate.swift */; };
		98F919C62418F35200B71450 /* SceneDelegate.swift in Sources */ = {isa = PBXBuildFile; fileRef = 98F919C52418F35200B71450 /* SceneDelegate.swift */; };
		98F919CB2418F35200B71450 /* Main.storyboard in Resources */ = {isa = PBXBuildFile; fileRef = 98F919C92418F35200B71450 /* Main.storyboard */; };
		98F919CD2418F35300B71450 /* Assets.xcassets in Resources */ = {isa = PBXBuildFile; fileRef = 98F919CC2418F35300B71450 /* Assets.xcassets */; };
		98F919D02418F35300B71450 /* LaunchScreen.storyboard in Resources */ = {isa = PBXBuildFile; fileRef = 98F919CE2418F35300B71450 /* LaunchScreen.storyboard */; };
		98F919D82418F3DD00B71450 /* GoogleService-Info.plist in Resources */ = {isa = PBXBuildFile; fileRef = 98F919D72418F3DD00B71450 /* GoogleService-Info.plist */; };
		BC300E6374D4EFFEB98098E2 /* Pods_iChatLab.framework in Frameworks */ = {isa = PBXBuildFile; fileRef = D98E0ED4EC5882603FE63FE3 /* Pods_iChatLab.framework */; };
/* End PBXBuildFile section */

/* Begin PBXFileReference section */
		677C4494A21AE6FFFD6CF0E0 /* Pods-iChatLab.debug.xcconfig */ = {isa = PBXFileReference; includeInIndex = 1; lastKnownFileType = text.xcconfig; name = "Pods-iChatLab.debug.xcconfig"; path = "Target Support Files/Pods-iChatLab/Pods-iChatLab.debug.xcconfig"; sourceTree = "<group>"; };
		984A223A244ABD0500469025 /* JSQMessagesViewController+Ext.swift */ = {isa = PBXFileReference; lastKnownFileType = sourcecode.swift; path = "JSQMessagesViewController+Ext.swift"; sourceTree = "<group>"; };
		984A223C244AC22300469025 /* StorageService.swift */ = {isa = PBXFileReference; lastKnownFileType = sourcecode.swift; path = StorageService.swift; sourceTree = "<group>"; };
		984A991424285A9E00FDB301 /* ProfileTableViewController.swift */ = {isa = PBXFileReference; lastKnownFileType = sourcecode.swift; path = ProfileTableViewController.swift; sourceTree = "<group>"; };
		984C1A74242F513C00ADCE86 /* RecentTableViewCell.swift */ = {isa = PBXFileReference; lastKnownFileType = sourcecode.swift; path = RecentTableViewCell.swift; sourceTree = "<group>"; };
		984C1D4C242371BB00062791 /* UISegmentedControl+Ext.swift */ = {isa = PBXFileReference; lastKnownFileType = sourcecode.swift; path = "UISegmentedControl+Ext.swift"; sourceTree = "<group>"; };
		984C1D4E242377B400062791 /* UIImageView+Ext.swift */ = {isa = PBXFileReference; lastKnownFileType = sourcecode.swift; path = "UIImageView+Ext.swift"; sourceTree = "<group>"; };
		984C1D5024237D2900062791 /* RecentsViewController.swift */ = {isa = PBXFileReference; lastKnownFileType = sourcecode.swift; path = RecentsViewController.swift; sourceTree = "<group>"; };
		984CC661241AFB9100933D4C /* User.swift */ = {isa = PBXFileReference; lastKnownFileType = sourcecode.swift; path = User.swift; sourceTree = "<group>"; };
		984CC663241B008300933D4C /* DatabaseService.swift */ = {isa = PBXFileReference; lastKnownFileType = sourcecode.swift; path = DatabaseService.swift; sourceTree = "<group>"; };
		984CC665241B0B6500933D4C /* Date+Ext.swift */ = {isa = PBXFileReference; lastKnownFileType = sourcecode.swift; path = "Date+Ext.swift"; sourceTree = "<group>"; };
		984CE0B0241C8B8C0057AC92 /* Notification+Ext.swift */ = {isa = PBXFileReference; lastKnownFileType = sourcecode.swift; path = "Notification+Ext.swift"; sourceTree = "<group>"; };
		984D615B2429AE3D00320762 /* Recent.swift */ = {isa = PBXFileReference; lastKnownFileType = sourcecode.swift; path = Recent.swift; sourceTree = "<group>"; };
		984E3BB52424657600E68502 /* ViewPresenter.swift */ = {isa = PBXFileReference; lastKnownFileType = sourcecode.swift; path = ViewPresenter.swift; sourceTree = "<group>"; };
		984E4BAD242B38960061F3F1 /* CallViewController.swift */ = {isa = PBXFileReference; lastKnownFileType = sourcecode.swift; path = CallViewController.swift; sourceTree = "<group>"; };
		9850D76A2420AD6F005DBE14 /* UsersTableViewController.swift */ = {isa = PBXFileReference; lastKnownFileType = sourcecode.swift; path = UsersTableViewController.swift; sourceTree = "<group>"; };
		9851F15F244C049D00E20A84 /* MessageService.swift */ = {isa = PBXFileReference; lastKnownFileType = sourcecode.swift; path = MessageService.swift; sourceTree = "<group>"; };
		9852829F241A28C6008CA4B3 /* Constants.swift */ = {isa = PBXFileReference; lastKnownFileType = sourcecode.swift; path = Constants.swift; sourceTree = "<group>"; };
		985282A8241A39A4008CA4B3 /* FinishedRegisterViewController.swift */ = {isa = PBXFileReference; lastKnownFileType = sourcecode.swift; path = FinishedRegisterViewController.swift; sourceTree = "<group>"; };
		9854C4FD2420843100634E93 /* UserTableViewCell.swift */ = {isa = PBXFileReference; lastKnownFileType = sourcecode.swift; path = UserTableViewCell.swift; sourceTree = "<group>"; };
		9856166F241F8A3D00AE60AA /* SettingsTableViewController.swift */ = {isa = PBXFileReference; lastKnownFileType = sourcecode.swift; path = SettingsTableViewController.swift; sourceTree = "<group>"; };
		985A405E243EF4CA00209334 /* Camera.swift */ = {isa = PBXFileReference; lastKnownFileType = sourcecode.swift; path = Camera.swift; sourceTree = "<group>"; };
		988BBE142437C52400E49B4B /* Message.swift */ = {isa = PBXFileReference; lastKnownFileType = sourcecode.swift; path = Message.swift; sourceTree = "<group>"; };
		988D40EB2436FB46006FCC89 /* Array+Ext.swift */ = {isa = PBXFileReference; lastKnownFileType = sourcecode.swift; path = "Array+Ext.swift"; sourceTree = "<group>"; };
		98BB7A392422A4C50059581F /* UIButton+Ext.swift */ = {isa = PBXFileReference; lastKnownFileType = sourcecode.swift; path = "UIButton+Ext.swift"; sourceTree = "<group>"; };
		98BB7A3B2422A8840059581F /* UITextField+Ext.swift */ = {isa = PBXFileReference; lastKnownFileType = sourcecode.swift; path = "UITextField+Ext.swift"; sourceTree = "<group>"; };
		98BB7A3D2422AE1B0059581F /* LoginViewController.swift */ = {isa = PBXFileReference; lastKnownFileType = sourcecode.swift; path = LoginViewController.swift; sourceTree = "<group>"; };
		98BB7A3F2422AEA30059581F /* WelcomeViewController.swift */ = {isa = PBXFileReference; lastKnownFileType = sourcecode.swift; path = WelcomeViewController.swift; sourceTree = "<group>"; };
		98BB7A412422B0810059581F /* Common.swift */ = {isa = PBXFileReference; lastKnownFileType = sourcecode.swift; path = Common.swift; sourceTree = "<group>"; };
		98C24EAB2419E627005C2D88 /* RegisterViewController.swift */ = {isa = PBXFileReference; lastKnownFileType = sourcecode.swift; path = RegisterViewController.swift; sourceTree = "<group>"; };
		98F7CBFF242B488E003CA84C /* ChattingViewController.swift */ = {isa = PBXFileReference; lastKnownFileType = sourcecode.swift; path = ChattingViewController.swift; sourceTree = "<group>"; };
		98F919C02418F35200B71450 /* iChatLab.app */ = {isa = PBXFileReference; explicitFileType = wrapper.application; includeInIndex = 0; path = iChatLab.app; sourceTree = BUILT_PRODUCTS_DIR; };
		98F919C32418F35200B71450 /* AppDelegate.swift */ = {isa = PBXFileReference; lastKnownFileType = sourcecode.swift; path = AppDelegate.swift; sourceTree = "<group>"; };
		98F919C52418F35200B71450 /* SceneDelegate.swift */ = {isa = PBXFileReference; lastKnownFileType = sourcecode.swift; path = SceneDelegate.swift; sourceTree = "<group>"; };
		98F919CA2418F35200B71450 /* Base */ = {isa = PBXFileReference; lastKnownFileType = file.storyboard; name = Base; path = Base.lproj/Main.storyboard; sourceTree = "<group>"; };
		98F919CC2418F35300B71450 /* Assets.xcassets */ = {isa = PBXFileReference; lastKnownFileType = folder.assetcatalog; path = Assets.xcassets; sourceTree = "<group>"; };
		98F919CF2418F35300B71450 /* Base */ = {isa = PBXFileReference; lastKnownFileType = file.storyboard; name = Base; path = Base.lproj/LaunchScreen.storyboard; sourceTree = "<group>"; };
		98F919D12418F35300B71450 /* Info.plist */ = {isa = PBXFileReference; lastKnownFileType = text.plist.xml; path = Info.plist; sourceTree = "<group>"; };
		98F919D72418F3DD00B71450 /* GoogleService-Info.plist */ = {isa = PBXFileReference; fileEncoding = 4; lastKnownFileType = text.plist.xml; path = "GoogleService-Info.plist"; sourceTree = "<group>"; };
		9D644123A62ACB8D1C652DD8 /* Pods-iChatLab.release.xcconfig */ = {isa = PBXFileReference; includeInIndex = 1; lastKnownFileType = text.xcconfig; name = "Pods-iChatLab.release.xcconfig"; path = "Target Support Files/Pods-iChatLab/Pods-iChatLab.release.xcconfig"; sourceTree = "<group>"; };
		D98E0ED4EC5882603FE63FE3 /* Pods_iChatLab.framework */ = {isa = PBXFileReference; explicitFileType = wrapper.framework; includeInIndex = 0; path = Pods_iChatLab.framework; sourceTree = BUILT_PRODUCTS_DIR; };
/* End PBXFileReference section */

/* Begin PBXFrameworksBuildPhase section */
		98F919BD2418F35200B71450 /* Frameworks */ = {
			isa = PBXFrameworksBuildPhase;
			buildActionMask = 2147483647;
			files = (
				BC300E6374D4EFFEB98098E2 /* Pods_iChatLab.framework in Frameworks */,
			);
			runOnlyForDeploymentPostprocessing = 0;
		};
/* End PBXFrameworksBuildPhase section */

/* Begin PBXGroup section */
		08515FA55B8C1EF679D6103B /* Pods */ = {
			isa = PBXGroup;
			children = (
				677C4494A21AE6FFFD6CF0E0 /* Pods-iChatLab.debug.xcconfig */,
				9D644123A62ACB8D1C652DD8 /* Pods-iChatLab.release.xcconfig */,
			);
			path = Pods;
			sourceTree = "<group>";
		};
		984CC660241AFB7100933D4C /* Models */ = {
			isa = PBXGroup;
			children = (
				984CC661241AFB9100933D4C /* User.swift */,
				984D615B2429AE3D00320762 /* Recent.swift */,
				988BBE142437C52400E49B4B /* Message.swift */,
				985A405E243EF4CA00209334 /* Camera.swift */,
			);
			path = Models;
			sourceTree = "<group>";
		};
		9852829E241A28B0008CA4B3 /* Utilities */ = {
			isa = PBXGroup;
			children = (
				984E3BB52424657600E68502 /* ViewPresenter.swift */,
				9852829F241A28C6008CA4B3 /* Constants.swift */,
				98BB7A412422B0810059581F /* Common.swift */,
			);
			path = Utilities;
			sourceTree = "<group>";
		};
		985282A1241A2B57008CA4B3 /* Services */ = {
			isa = PBXGroup;
			children = (
				984CC663241B008300933D4C /* DatabaseService.swift */,
				984A223C244AC22300469025 /* StorageService.swift */,
				9851F15F244C049D00E20A84 /* MessageService.swift */,
			);
			path = Services;
			sourceTree = "<group>";
		};
		98BB7A432422B8EC0059581F /* Authentication */ = {
			isa = PBXGroup;
			children = (
				98BB7A3D2422AE1B0059581F /* LoginViewController.swift */,
				98C24EAB2419E627005C2D88 /* RegisterViewController.swift */,
				985282A8241A39A4008CA4B3 /* FinishedRegisterViewController.swift */,
			);
			path = Authentication;
			sourceTree = "<group>";
		};
		98C24EAA2419E613005C2D88 /* Controllers */ = {
			isa = PBXGroup;
			children = (
				98BB7A3F2422AEA30059581F /* WelcomeViewController.swift */,
				98BB7A432422B8EC0059581F /* Authentication */,
				98F7CBFD242B4474003CA84C /* Main */,
			);
			path = Controllers;
			sourceTree = "<group>";
		};
		98C24EB02419E8FA005C2D88 /* Views */ = {
			isa = PBXGroup;
			children = (
				9854C4FD2420843100634E93 /* UserTableViewCell.swift */,
				984C1A74242F513C00ADCE86 /* RecentTableViewCell.swift */,
			);
			path = Views;
			sourceTree = "<group>";
		};
		98C24EB32419EBBA005C2D88 /* Extensions */ = {
			isa = PBXGroup;
			children = (
				984CC665241B0B6500933D4C /* Date+Ext.swift */,
				984CE0B0241C8B8C0057AC92 /* Notification+Ext.swift */,
				98BB7A392422A4C50059581F /* UIButton+Ext.swift */,
				98BB7A3B2422A8840059581F /* UITextField+Ext.swift */,
				984C1D4C242371BB00062791 /* UISegmentedControl+Ext.swift */,
				984C1D4E242377B400062791 /* UIImageView+Ext.swift */,
				988D40EB2436FB46006FCC89 /* Array+Ext.swift */,
				984A223A244ABD0500469025 /* JSQMessagesViewController+Ext.swift */,
			);
			path = Extensions;
			sourceTree = "<group>";
		};
		98F7CBFD242B4474003CA84C /* Main */ = {
			isa = PBXGroup;
			children = (
				9856166F241F8A3D00AE60AA /* SettingsTableViewController.swift */,
				984E4BAD242B38960061F3F1 /* CallViewController.swift */,
				984C1D5024237D2900062791 /* RecentsViewController.swift */,
				98F7CBFE242B44A5003CA84C /* ChatViews */,
			);
			path = Main;
			sourceTree = "<group>";
		};
		98F7CBFE242B44A5003CA84C /* ChatViews */ = {
			isa = PBXGroup;
			children = (
				9850D76A2420AD6F005DBE14 /* UsersTableViewController.swift */,
				984A991424285A9E00FDB301 /* ProfileTableViewController.swift */,
				98F7CBFF242B488E003CA84C /* ChattingViewController.swift */,
			);
			path = ChatViews;
			sourceTree = "<group>";
		};
		98F919B72418F35100B71450 = {
			isa = PBXGroup;
			children = (
				98F919C22418F35200B71450 /* iChatLab */,
				98F919C12418F35200B71450 /* Products */,
				08515FA55B8C1EF679D6103B /* Pods */,
				9CE9792519C41ECE6EFF460A /* Frameworks */,
			);
			sourceTree = "<group>";
		};
		98F919C12418F35200B71450 /* Products */ = {
			isa = PBXGroup;
			children = (
				98F919C02418F35200B71450 /* iChatLab.app */,
			);
			name = Products;
			sourceTree = "<group>";
		};
		98F919C22418F35200B71450 /* iChatLab */ = {
			isa = PBXGroup;
			children = (
				98F919C32418F35200B71450 /* AppDelegate.swift */,
				98F919C52418F35200B71450 /* SceneDelegate.swift */,
				984CC660241AFB7100933D4C /* Models */,
				985282A1241A2B57008CA4B3 /* Services */,
				9852829E241A28B0008CA4B3 /* Utilities */,
				98C24EB32419EBBA005C2D88 /* Extensions */,
				98C24EB02419E8FA005C2D88 /* Views */,
				98C24EAA2419E613005C2D88 /* Controllers */,
				98F919C92418F35200B71450 /* Main.storyboard */,
				98F919CC2418F35300B71450 /* Assets.xcassets */,
				98F919CE2418F35300B71450 /* LaunchScreen.storyboard */,
				98F919D12418F35300B71450 /* Info.plist */,
				98F919D72418F3DD00B71450 /* GoogleService-Info.plist */,
			);
			path = iChatLab;
			sourceTree = "<group>";
		};
		9CE9792519C41ECE6EFF460A /* Frameworks */ = {
			isa = PBXGroup;
			children = (
				D98E0ED4EC5882603FE63FE3 /* Pods_iChatLab.framework */,
			);
			name = Frameworks;
			sourceTree = "<group>";
		};
/* End PBXGroup section */

/* Begin PBXNativeTarget section */
		98F919BF2418F35200B71450 /* iChatLab */ = {
			isa = PBXNativeTarget;
			buildConfigurationList = 98F919D42418F35300B71450 /* Build configuration list for PBXNativeTarget "iChatLab" */;
			buildPhases = (
				34672D0753723648ADCD5EA8 /* [CP] Check Pods Manifest.lock */,
				98F919BC2418F35200B71450 /* Sources */,
				98F919BD2418F35200B71450 /* Frameworks */,
				98F919BE2418F35200B71450 /* Resources */,
				09BF99E06C0116902DE0566F /* [CP] Embed Pods Frameworks */,
			);
			buildRules = (
			);
			dependencies = (
			);
			name = iChatLab;
			productName = iChatLab;
			productReference = 98F919C02418F35200B71450 /* iChatLab.app */;
			productType = "com.apple.product-type.application";
		};
/* End PBXNativeTarget section */

/* Begin PBXProject section */
		98F919B82418F35100B71450 /* Project object */ = {
			isa = PBXProject;
			attributes = {
				LastSwiftUpdateCheck = 1130;
				LastUpgradeCheck = 1130;
				ORGANIZATIONNAME = "Han Luong";
				TargetAttributes = {
					98F919BF2418F35200B71450 = {
						CreatedOnToolsVersion = 11.3.1;
					};
				};
			};
			buildConfigurationList = 98F919BB2418F35100B71450 /* Build configuration list for PBXProject "iChatLab" */;
			compatibilityVersion = "Xcode 9.3";
			developmentRegion = en;
			hasScannedForEncodings = 0;
			knownRegions = (
				en,
				Base,
			);
			mainGroup = 98F919B72418F35100B71450;
			productRefGroup = 98F919C12418F35200B71450 /* Products */;
			projectDirPath = "";
			projectRoot = "";
			targets = (
				98F919BF2418F35200B71450 /* iChatLab */,
			);
		};
/* End PBXProject section */

/* Begin PBXResourcesBuildPhase section */
		98F919BE2418F35200B71450 /* Resources */ = {
			isa = PBXResourcesBuildPhase;
			buildActionMask = 2147483647;
			files = (
				98F919D02418F35300B71450 /* LaunchScreen.storyboard in Resources */,
				98F919D82418F3DD00B71450 /* GoogleService-Info.plist in Resources */,
				98F919CD2418F35300B71450 /* Assets.xcassets in Resources */,
				98F919CB2418F35200B71450 /* Main.storyboard in Resources */,
			);
			runOnlyForDeploymentPostprocessing = 0;
		};
/* End PBXResourcesBuildPhase section */

/* Begin PBXShellScriptBuildPhase section */
		09BF99E06C0116902DE0566F /* [CP] Embed Pods Frameworks */ = {
			isa = PBXShellScriptBuildPhase;
			buildActionMask = 2147483647;
			files = (
			);
			inputFileListPaths = (
				"${PODS_ROOT}/Target Support Files/Pods-iChatLab/Pods-iChatLab-frameworks-${CONFIGURATION}-input-files.xcfilelist",
			);
			name = "[CP] Embed Pods Frameworks";
			outputFileListPaths = (
				"${PODS_ROOT}/Target Support Files/Pods-iChatLab/Pods-iChatLab-frameworks-${CONFIGURATION}-output-files.xcfilelist",
			);
			runOnlyForDeploymentPostprocessing = 0;
			shellPath = /bin/sh;
			shellScript = "\"${PODS_ROOT}/Target Support Files/Pods-iChatLab/Pods-iChatLab-frameworks.sh\"\n";
			showEnvVarsInLog = 0;
		};
		34672D0753723648ADCD5EA8 /* [CP] Check Pods Manifest.lock */ = {
			isa = PBXShellScriptBuildPhase;
			buildActionMask = 2147483647;
			files = (
			);
			inputFileListPaths = (
			);
			inputPaths = (
				"${PODS_PODFILE_DIR_PATH}/Podfile.lock",
				"${PODS_ROOT}/Manifest.lock",
			);
			name = "[CP] Check Pods Manifest.lock";
			outputFileListPaths = (
			);
			outputPaths = (
				"$(DERIVED_FILE_DIR)/Pods-iChatLab-checkManifestLockResult.txt",
			);
			runOnlyForDeploymentPostprocessing = 0;
			shellPath = /bin/sh;
			shellScript = "diff \"${PODS_PODFILE_DIR_PATH}/Podfile.lock\" \"${PODS_ROOT}/Manifest.lock\" > /dev/null\nif [ $? != 0 ] ; then\n    # print error to STDERR\n    echo \"error: The sandbox is not in sync with the Podfile.lock. Run 'pod install' or update your CocoaPods installation.\" >&2\n    exit 1\nfi\n# This output is used by Xcode 'outputs' to avoid re-running this script phase.\necho \"SUCCESS\" > \"${SCRIPT_OUTPUT_FILE_0}\"\n";
			showEnvVarsInLog = 0;
		};
/* End PBXShellScriptBuildPhase section */

/* Begin PBXSourcesBuildPhase section */
		98F919BC2418F35200B71450 /* Sources */ = {
			isa = PBXSourcesBuildPhase;
			buildActionMask = 2147483647;
			files = (
				984CC664241B008300933D4C /* DatabaseService.swift in Sources */,
				984A223D244AC22300469025 /* StorageService.swift in Sources */,
				98561670241F8A3D00AE60AA /* SettingsTableViewController.swift in Sources */,
				9854C4FE2420843100634E93 /* UserTableViewCell.swift in Sources */,
				98BB7A3C2422A8840059581F /* UITextField+Ext.swift in Sources */,
				9851F160244C049D00E20A84 /* MessageService.swift in Sources */,
				98BB7A422422B0810059581F /* Common.swift in Sources */,
				98BB7A3A2422A4C50059581F /* UIButton+Ext.swift in Sources */,
				988D40EC2436FB46006FCC89 /* Array+Ext.swift in Sources */,
				984C1D4D242371BB00062791 /* UISegmentedControl+Ext.swift in Sources */,
				98BB7A402422AEA30059581F /* WelcomeViewController.swift in Sources */,
				984C1A75242F513C00ADCE86 /* RecentTableViewCell.swift in Sources */,
				985282A0241A28C6008CA4B3 /* Constants.swift in Sources */,
				984E3BB62424657600E68502 /* ViewPresenter.swift in Sources */,
				98C24EAC2419E627005C2D88 /* RegisterViewController.swift in Sources */,
				984A223B244ABD0500469025 /* JSQMessagesViewController+Ext.swift in Sources */,
				988BBE152437C52400E49B4B /* Message.swift in Sources */,
				984CE0B1241C8B8C0057AC92 /* Notification+Ext.swift in Sources */,
				984E4BAE242B38960061F3F1 /* CallViewController.swift in Sources */,
				98F919C42418F35200B71450 /* AppDelegate.swift in Sources */,
				985282A9241A39A4008CA4B3 /* FinishedRegisterViewController.swift in Sources */,
				9850D76B2420AD6F005DBE14 /* UsersTableViewController.swift in Sources */,
				98F7CC00242B488E003CA84C /* ChattingViewController.swift in Sources */,
				98BB7A3E2422AE1B0059581F /* LoginViewController.swift in Sources */,
				985A405F243EF4CA00209334 /* Camera.swift in Sources */,
				984C1D4F242377B400062791 /* UIImageView+Ext.swift in Sources */,
				984D615C2429AE3D00320762 /* Recent.swift in Sources */,
				98F919C62418F35200B71450 /* SceneDelegate.swift in Sources */,
				984CC662241AFB9100933D4C /* User.swift in Sources */,
				984C1D5124237D2900062791 /* RecentsViewController.swift in Sources */,
				984A991524285A9E00FDB301 /* ProfileTableViewController.swift in Sources */,
				984CC666241B0B6500933D4C /* Date+Ext.swift in Sources */,
			);
			runOnlyForDeploymentPostprocessing = 0;
		};
/* End PBXSourcesBuildPhase section */

/* Begin PBXVariantGroup section */
		98F919C92418F35200B71450 /* Main.storyboard */ = {
			isa = PBXVariantGroup;
			children = (
				98F919CA2418F35200B71450 /* Base */,
			);
			name = Main.storyboard;
			sourceTree = "<group>";
		};
		98F919CE2418F35300B71450 /* LaunchScreen.storyboard */ = {
			isa = PBXVariantGroup;
			children = (
				98F919CF2418F35300B71450 /* Base */,
			);
			name = LaunchScreen.storyboard;
			sourceTree = "<group>";
		};
/* End PBXVariantGroup section */

/* Begin XCBuildConfiguration section */
		98F919D22418F35300B71450 /* Debug */ = {
			isa = XCBuildConfiguration;
			buildSettings = {
				ALWAYS_SEARCH_USER_PATHS = NO;
				CLANG_ANALYZER_NONNULL = YES;
				CLANG_ANALYZER_NUMBER_OBJECT_CONVERSION = YES_AGGRESSIVE;
				CLANG_CXX_LANGUAGE_STANDARD = "gnu++14";
				CLANG_CXX_LIBRARY = "libc++";
				CLANG_ENABLE_MODULES = YES;
				CLANG_ENABLE_OBJC_ARC = YES;
				CLANG_ENABLE_OBJC_WEAK = YES;
				CLANG_WARN_BLOCK_CAPTURE_AUTORELEASING = YES;
				CLANG_WARN_BOOL_CONVERSION = YES;
				CLANG_WARN_COMMA = YES;
				CLANG_WARN_CONSTANT_CONVERSION = YES;
				CLANG_WARN_DEPRECATED_OBJC_IMPLEMENTATIONS = YES;
				CLANG_WARN_DIRECT_OBJC_ISA_USAGE = YES_ERROR;
				CLANG_WARN_DOCUMENTATION_COMMENTS = YES;
				CLANG_WARN_EMPTY_BODY = YES;
				CLANG_WARN_ENUM_CONVERSION = YES;
				CLANG_WARN_INFINITE_RECURSION = YES;
				CLANG_WARN_INT_CONVERSION = YES;
				CLANG_WARN_NON_LITERAL_NULL_CONVERSION = YES;
				CLANG_WARN_OBJC_IMPLICIT_RETAIN_SELF = YES;
				CLANG_WARN_OBJC_LITERAL_CONVERSION = YES;
				CLANG_WARN_OBJC_ROOT_CLASS = YES_ERROR;
				CLANG_WARN_RANGE_LOOP_ANALYSIS = YES;
				CLANG_WARN_STRICT_PROTOTYPES = YES;
				CLANG_WARN_SUSPICIOUS_MOVE = YES;
				CLANG_WARN_UNGUARDED_AVAILABILITY = YES_AGGRESSIVE;
				CLANG_WARN_UNREACHABLE_CODE = YES;
				CLANG_WARN__DUPLICATE_METHOD_MATCH = YES;
				COPY_PHASE_STRIP = NO;
				DEBUG_INFORMATION_FORMAT = dwarf;
				ENABLE_STRICT_OBJC_MSGSEND = YES;
				ENABLE_TESTABILITY = YES;
				GCC_C_LANGUAGE_STANDARD = gnu11;
				GCC_DYNAMIC_NO_PIC = NO;
				GCC_NO_COMMON_BLOCKS = YES;
				GCC_OPTIMIZATION_LEVEL = 0;
				GCC_PREPROCESSOR_DEFINITIONS = (
					"DEBUG=1",
					"$(inherited)",
				);
				GCC_WARN_64_TO_32_BIT_CONVERSION = YES;
				GCC_WARN_ABOUT_RETURN_TYPE = YES_ERROR;
				GCC_WARN_UNDECLARED_SELECTOR = YES;
				GCC_WARN_UNINITIALIZED_AUTOS = YES_AGGRESSIVE;
				GCC_WARN_UNUSED_FUNCTION = YES;
				GCC_WARN_UNUSED_VARIABLE = YES;
				IPHONEOS_DEPLOYMENT_TARGET = 13.2;
				MTL_ENABLE_DEBUG_INFO = INCLUDE_SOURCE;
				MTL_FAST_MATH = YES;
				ONLY_ACTIVE_ARCH = YES;
				SDKROOT = iphoneos;
				SWIFT_ACTIVE_COMPILATION_CONDITIONS = DEBUG;
				SWIFT_OPTIMIZATION_LEVEL = "-Onone";
			};
			name = Debug;
		};
		98F919D32418F35300B71450 /* Release */ = {
			isa = XCBuildConfiguration;
			buildSettings = {
				ALWAYS_SEARCH_USER_PATHS = NO;
				CLANG_ANALYZER_NONNULL = YES;
				CLANG_ANALYZER_NUMBER_OBJECT_CONVERSION = YES_AGGRESSIVE;
				CLANG_CXX_LANGUAGE_STANDARD = "gnu++14";
				CLANG_CXX_LIBRARY = "libc++";
				CLANG_ENABLE_MODULES = YES;
				CLANG_ENABLE_OBJC_ARC = YES;
				CLANG_ENABLE_OBJC_WEAK = YES;
				CLANG_WARN_BLOCK_CAPTURE_AUTORELEASING = YES;
				CLANG_WARN_BOOL_CONVERSION = YES;
				CLANG_WARN_COMMA = YES;
				CLANG_WARN_CONSTANT_CONVERSION = YES;
				CLANG_WARN_DEPRECATED_OBJC_IMPLEMENTATIONS = YES;
				CLANG_WARN_DIRECT_OBJC_ISA_USAGE = YES_ERROR;
				CLANG_WARN_DOCUMENTATION_COMMENTS = YES;
				CLANG_WARN_EMPTY_BODY = YES;
				CLANG_WARN_ENUM_CONVERSION = YES;
				CLANG_WARN_INFINITE_RECURSION = YES;
				CLANG_WARN_INT_CONVERSION = YES;
				CLANG_WARN_NON_LITERAL_NULL_CONVERSION = YES;
				CLANG_WARN_OBJC_IMPLICIT_RETAIN_SELF = YES;
				CLANG_WARN_OBJC_LITERAL_CONVERSION = YES;
				CLANG_WARN_OBJC_ROOT_CLASS = YES_ERROR;
				CLANG_WARN_RANGE_LOOP_ANALYSIS = YES;
				CLANG_WARN_STRICT_PROTOTYPES = YES;
				CLANG_WARN_SUSPICIOUS_MOVE = YES;
				CLANG_WARN_UNGUARDED_AVAILABILITY = YES_AGGRESSIVE;
				CLANG_WARN_UNREACHABLE_CODE = YES;
				CLANG_WARN__DUPLICATE_METHOD_MATCH = YES;
				COPY_PHASE_STRIP = NO;
				DEBUG_INFORMATION_FORMAT = "dwarf-with-dsym";
				ENABLE_NS_ASSERTIONS = NO;
				ENABLE_STRICT_OBJC_MSGSEND = YES;
				GCC_C_LANGUAGE_STANDARD = gnu11;
				GCC_NO_COMMON_BLOCKS = YES;
				GCC_WARN_64_TO_32_BIT_CONVERSION = YES;
				GCC_WARN_ABOUT_RETURN_TYPE = YES_ERROR;
				GCC_WARN_UNDECLARED_SELECTOR = YES;
				GCC_WARN_UNINITIALIZED_AUTOS = YES_AGGRESSIVE;
				GCC_WARN_UNUSED_FUNCTION = YES;
				GCC_WARN_UNUSED_VARIABLE = YES;
				IPHONEOS_DEPLOYMENT_TARGET = 13.2;
				MTL_ENABLE_DEBUG_INFO = NO;
				MTL_FAST_MATH = YES;
				SDKROOT = iphoneos;
				SWIFT_COMPILATION_MODE = wholemodule;
				SWIFT_OPTIMIZATION_LEVEL = "-O";
				VALIDATE_PRODUCT = YES;
			};
			name = Release;
		};
		98F919D52418F35300B71450 /* Debug */ = {
			isa = XCBuildConfiguration;
			baseConfigurationReference = 677C4494A21AE6FFFD6CF0E0 /* Pods-iChatLab.debug.xcconfig */;
			buildSettings = {
				ASSETCATALOG_COMPILER_APPICON_NAME = AppIcon;
				CODE_SIGN_STYLE = Automatic;
				DEVELOPMENT_TEAM = H45E9F8W3K;
				INFOPLIST_FILE = iChatLab/Info.plist;
				LD_RUNPATH_SEARCH_PATHS = (
					"$(inherited)",
					"@executable_path/Frameworks",
				);
				PRODUCT_BUNDLE_IDENTIFIER = hnluong.iChatLab;
				PRODUCT_NAME = "$(TARGET_NAME)";
				SWIFT_VERSION = 5.0;
				TARGETED_DEVICE_FAMILY = "1,2";
			};
			name = Debug;
		};
		98F919D62418F35300B71450 /* Release */ = {
			isa = XCBuildConfiguration;
			baseConfigurationReference = 9D644123A62ACB8D1C652DD8 /* Pods-iChatLab.release.xcconfig */;
			buildSettings = {
				ASSETCATALOG_COMPILER_APPICON_NAME = AppIcon;
				CODE_SIGN_STYLE = Automatic;
				DEVELOPMENT_TEAM = H45E9F8W3K;
				INFOPLIST_FILE = iChatLab/Info.plist;
				LD_RUNPATH_SEARCH_PATHS = (
					"$(inherited)",
					"@executable_path/Frameworks",
				);
				PRODUCT_BUNDLE_IDENTIFIER = hnluong.iChatLab;
				PRODUCT_NAME = "$(TARGET_NAME)";
				SWIFT_VERSION = 5.0;
				TARGETED_DEVICE_FAMILY = "1,2";
			};
			name = Release;
		};
/* End XCBuildConfiguration section */

/* Begin XCConfigurationList section */
		98F919BB2418F35100B71450 /* Build configuration list for PBXProject "iChatLab" */ = {
			isa = XCConfigurationList;
			buildConfigurations = (
				98F919D22418F35300B71450 /* Debug */,
				98F919D32418F35300B71450 /* Release */,
			);
			defaultConfigurationIsVisible = 0;
			defaultConfigurationName = Release;
		};
		98F919D42418F35300B71450 /* Build configuration list for PBXNativeTarget "iChatLab" */ = {
			isa = XCConfigurationList;
			buildConfigurations = (
				98F919D52418F35300B71450 /* Debug */,
				98F919D62418F35300B71450 /* Release */,
			);
			defaultConfigurationIsVisible = 0;
			defaultConfigurationName = Release;
		};
/* End XCConfigurationList section */
	};
	rootObject = 98F919B82418F35100B71450 /* Project object */;
}
